#MicroXplorer Configuration settings - do not modify
CAD.formats=
CAD.pinconfig=
CAD.provider=
DFSDM1.Divider=40
DFSDM1.DmaMode_reg_FIL0=ENABLE
DFSDM1.FastMode_reg_FIL0=ENABLE
DFSDM1.Filter_regChannel_FIL0=DFSDM_CHANNEL_2
DFSDM1.Fosr_FIL0=125
DFSDM1.IPParameters=Divider,Filter_regChannel_FIL0,Fosr_FIL0,SincOrder_FIL0,FastMode_reg_FIL0,DmaMode_reg_FIL0
DFSDM1.SincOrder_FIL0=DFSDM_FILTER_SINC3_ORDER
Dma.DFSDM1_FLT0.0.Direction=DMA_PERIPH_TO_MEMORY
Dma.DFSDM1_FLT0.0.Instance=DMA1_Channel4
Dma.DFSDM1_FLT0.0.MemDataAlignment=DMA_MDATAALIGN_WORD
Dma.DFSDM1_FLT0.0.MemInc=DMA_MINC_ENABLE
Dma.DFSDM1_FLT0.0.Mode=DMA_CIRCULAR
Dma.DFSDM1_FLT0.0.PeriphDataAlignment=DMA_PDATAALIGN_WORD
Dma.DFSDM1_FLT0.0.PeriphInc=DMA_PINC_DISABLE
Dma.DFSDM1_FLT0.0.Priority=DMA_PRIORITY_LOW
Dma.DFSDM1_FLT0.0.RequestParameters=Instance,Direction,PeriphInc,MemInc,PeriphDataAlignment,MemDataAlignment,Mode,Priority
Dma.Request0=DFSDM1_FLT0
Dma.RequestsNb=1
File.Version=6
GPIO.groupedBy=Group By Peripherals
KeepUserPlacement=false
Mcu.CPN=STM32L475VGT6
Mcu.Family=STM32L4
Mcu.IP0=CRC
Mcu.IP1=DFSDM1
Mcu.IP2=DMA
Mcu.IP3=NVIC
Mcu.IP4=RCC
Mcu.IP5=SYS
Mcu.IP6=USART1
Mcu.IPNb=7
Mcu.Name=STM32L475V(C-E-G)Tx
Mcu.Package=LQFP100
Mcu.Pin0=PE7
Mcu.Pin1=PE9
Mcu.Pin2=PB6
Mcu.Pin3=PB7
Mcu.Pin4=VP_CRC_VS_CRC
Mcu.Pin5=VP_SYS_VS_Systick
Mcu.Pin6=VP_STMicroelectronics.X-CUBE-AI_VS_ArtificialOoIntelligenceJjXAaCUBEAaAI_9.1.0
Mcu.Pin7=VP_STMicroelectronics.X-CUBE-AI_VS_DeviceJjApplication_9.1.0
Mcu.PinsNb=8
Mcu.ThirdParty0=STMicroelectronics.X-CUBE-AI.9.1.0
Mcu.ThirdPartyNb=1
Mcu.UserConstants=
Mcu.UserName=STM32L475VGTx
MxCube.Version=6.11.1
MxDb.Version=DB.6.0.111
NVIC.BusFault_IRQn=true\:0\:0\:false\:false\:true\:true\:false\:false
NVIC.DMA1_Channel4_IRQn=true\:0\:0\:false\:false\:true\:false\:true\:true
NVIC.DebugMonitor_IRQn=true\:0\:0\:false\:false\:true\:true\:false\:false
NVIC.ForceEnableDMAVector=true
NVIC.HardFault_IRQn=true\:0\:0\:false\:false\:true\:true\:false\:false
NVIC.MemoryManagement_IRQn=true\:0\:0\:false\:false\:true\:true\:false\:false
NVIC.NonMaskableInt_IRQn=true\:0\:0\:false\:false\:true\:true\:false\:false
NVIC.PendSV_IRQn=true\:0\:0\:false\:false\:true\:true\:false\:false
NVIC.PriorityGroup=NVIC_PRIORITYGROUP_4
NVIC.SVCall_IRQn=true\:0\:0\:false\:false\:true\:true\:false\:false
NVIC.SysTick_IRQn=true\:0\:0\:false\:false\:true\:true\:true\:false
NVIC.UsageFault_IRQn=true\:0\:0\:false\:false\:true\:true\:false\:false
PB6.Locked=true
PB6.Mode=Asynchronous
PB6.Signal=USART1_TX
PB7.GPIOParameters=GPIO_PuPd
PB7.GPIO_PuPd=GPIO_PULLUP
PB7.Locked=true
PB7.Mode=Asynchronous
PB7.Signal=USART1_RX
PE7.Locked=true
PE7.Signal=S_DATAIN2DFSDM1
PE9.Locked=true
PE9.Signal=S_CKOUTDFSDM1
PinOutPanel.RotationAngle=0
ProjectManager.AskForMigrate=true
ProjectManager.BackupPrevious=false
ProjectManager.CompilerOptimize=6
ProjectManager.ComputerToolchain=false
ProjectManager.CoupleFile=true
ProjectManager.CustomerFirmwarePackage=
ProjectManager.DefaultFWLocation=true
ProjectManager.DeletePrevious=true
ProjectManager.DeviceId=STM32L475VGTx
ProjectManager.FirmwarePackage=STM32Cube FW_L4 V1.18.1
ProjectManager.FreePins=false
ProjectManager.HalAssertFull=false
ProjectManager.HeapSize=0x2000
ProjectManager.KeepUserCode=true
ProjectManager.LastFirmware=true
ProjectManager.LibraryCopy=1
ProjectManager.MainLocation=Core/Src
ProjectManager.NoMain=false
ProjectManager.PreviousToolchain=
ProjectManager.ProjectBuild=false
ProjectManager.ProjectFileName=AI-IIoT.ioc
ProjectManager.ProjectName=AI-IIoT
ProjectManager.ProjectStructure=
ProjectManager.RegisterCallBack=
ProjectManager.StackSize=0x4000
ProjectManager.TargetToolchain=STM32CubeIDE
ProjectManager.ToolChainLocation=
ProjectManager.UAScriptAfterPath=
ProjectManager.UAScriptBeforePath=
ProjectManager.UnderRoot=true
ProjectManager.functionlistsort=1-SystemClock_Config-RCC-false-HAL-false,2-MX_GPIO_Init-GPIO-false-HAL-true,3-MX_DMA_Init-DMA-false-HAL-true,4-MX_CRC_Init-CRC-false-HAL-true,5-MX_USART1_UART_Init-USART1-false-HAL-true,6-MX_DFSDM1_Init-DFSDM1-false-HAL-true,7-MX_X_CUBE_AI_Init-STMicroelectronics.X-CUBE-AI.9.1.0-false-HAL-false,8-MX_X_CUBE_AI_Process-STMicroelectronics.X-CUBE-AI.9.1.0-false-HAL-false
RCC.ADCFreq_Value=192000000
RCC.AHBFreq_Value=80000000
RCC.APB1Freq_Value=80000000
RCC.APB1TimFreq_Value=80000000
RCC.APB2Freq_Value=80000000
RCC.APB2TimFreq_Value=80000000
RCC.CortexFreq_Value=80000000
RCC.DFSDMFreq_Value=80000000
RCC.FCLKCortexFreq_Value=80000000
RCC.FamilyName=M
RCC.HCLKFreq_Value=80000000
RCC.HSE_VALUE=8000000
RCC.HSI_VALUE=16000000
RCC.I2C1Freq_Value=80000000
RCC.I2C2Freq_Value=80000000
RCC.I2C3Freq_Value=80000000
RCC.IPParameters=ADCFreq_Value,AHBFreq_Value,APB1Freq_Value,APB1TimFreq_Value,APB2Freq_Value,APB2TimFreq_Value,CortexFreq_Value,DFSDMFreq_Value,FCLKCortexFreq_Value,FamilyName,HCLKFreq_Value,HSE_VALUE,HSI_VALUE,I2C1Freq_Value,I2C2Freq_Value,I2C3Freq_Value,LPTIM1Freq_Value,LPTIM2Freq_Value,LPUART1Freq_Value,LSCOPinFreq_Value,LSE_VALUE,LSI_VALUE,MCO1PinFreq_Value,MSI_VALUE,PLLN,PLLPoutputFreq_Value,PLLQoutputFreq_Value,PLLRCLKFreq_Value,PLLSAI1N,PLLSAI1PoutputFreq_Value,PLLSAI1QoutputFreq_Value,PLLSAI1RoutputFreq_Value,PLLSAI2PoutputFreq_Value,PLLSAI2RoutputFreq_Value,PLLSourceVirtual,PWRFreq_Value,RNGFreq_Value,SAI1Freq_Value,SAI2Freq_Value,SDMMCFreq_Value,SWPMI1Freq_Value,SYSCLKFreq_VALUE,SYSCLKSource,UART4Freq_Value,UART5Freq_Value,USART1Freq_Value,USART2Freq_Value,USART3Freq_Value,USBFreq_Value,VCOInputFreq_Value,VCOOutputFreq_Value,VCOSAI1OutputFreq_Value,VCOSAI2OutputFreq_Value
RCC.LPTIM1Freq_Value=80000000
RCC.LPTIM2Freq_Value=80000000
RCC.LPUART1Freq_Value=80000000
RCC.LSCOPinFreq_Value=32000
RCC.LSE_VALUE=32768
RCC.LSI_VALUE=32000
RCC.MCO1PinFreq_Value=80000000
RCC.MSI_VALUE=4000000
RCC.PLLN=10
RCC.PLLPoutputFreq_Value=22857142.85714286
RCC.PLLQoutputFreq_Value=80000000
RCC.PLLRCLKFreq_Value=80000000
RCC.PLLSAI1N=24
RCC.PLLSAI1PoutputFreq_Value=54857142.85714286
RCC.PLLSAI1QoutputFreq_Value=192000000
RCC.PLLSAI1RoutputFreq_Value=192000000
RCC.PLLSAI2PoutputFreq_Value=18285714.285714287
RCC.PLLSAI2RoutputFreq_Value=64000000
RCC.PLLSourceVirtual=RCC_PLLSOURCE_HSI
RCC.PWRFreq_Value=80000000
RCC.RNGFreq_Value=192000000
RCC.SAI1Freq_Value=54857142.85714286
RCC.SAI2Freq_Value=54857142.85714286
RCC.SDMMCFreq_Value=192000000
RCC.SWPMI1Freq_Value=80000000
RCC.SYSCLKFreq_VALUE=80000000
RCC.SYSCLKSource=RCC_SYSCLKSOURCE_PLLCLK
RCC.UART4Freq_Value=80000000
RCC.UART5Freq_Value=80000000
RCC.USART1Freq_Value=80000000
RCC.USART2Freq_Value=80000000
RCC.USART3Freq_Value=80000000
RCC.USBFreq_Value=192000000
RCC.VCOInputFreq_Value=16000000
RCC.VCOOutputFreq_Value=160000000
RCC.VCOSAI1OutputFreq_Value=384000000
RCC.VCOSAI2OutputFreq_Value=128000000
SH.S_CKOUTDFSDM1.0=DFSDM1_CKOUT,PDM_SPI_input_from_ch2_and_internal_clock
SH.S_CKOUTDFSDM1.1=DFSDM1_CKOUT,CKOUT
SH.S_CKOUTDFSDM1.ConfNb=2
SH.S_DATAIN2DFSDM1.0=DFSDM1_DATIN2,PDM_SPI_input_from_ch2_and_internal_clock
SH.S_DATAIN2DFSDM1.ConfNb=1
STMicroelectronics.X-CUBE-AI.9.1.0.ActivationBufferSizeList=33792
STMicroelectronics.X-CUBE-AI.9.1.0.ActivationBuffers=NULL
STMicroelectronics.X-CUBE-AI.9.1.0.ApplicationCcDeviceJjApplication=ApplicationTemplate
STMicroelectronics.X-CUBE-AI.9.1.0.ArtificialOoIntelligenceJjXAaCUBEAaAI_Checked=true
STMicroelectronics.X-CUBE-AI.9.1.0.DeviceJjApplication_Checked=true
STMicroelectronics.X-CUBE-AI.9.1.0.HeapSize=0x2000
STMicroelectronics.X-CUBE-AI.9.1.0.IPParameters=HeapSize,StackSize,ModelHashList,ModelNameList,WorkingBufferStartAddrList,copyWeightToRam,useInputAllocation,useOutputAllocation,customLayerConfigEnabled,noOnnxIoTranspose,ActivationBuffers,InternalRamActivationBufferMaxSize,ActivationBufferSizeList,MaximumNumberOfInputLayer,MaximumNumberOfOutputLayer,ReadyForCodeGeneration,ModelName-bbf845ba0553e43685b69103f9ad13c7009304bb31b31659c1f85738c881fbc0,ModelKind-bbf845ba0553e43685b69103f9ad13c7009304bb31b31659c1f85738c881fbc0,ModelCompression-bbf845ba0553e43685b69103f9ad13c7009304bb31b31659c1f85738c881fbc0,ModelFlashOccupation-bbf845ba0553e43685b69103f9ad13c7009304bb31b31659c1f85738c881fbc0,ModelRamOccupation-bbf845ba0553e43685b69103f9ad13c7009304bb31b31659c1f85738c881fbc0,ModelType-bbf845ba0553e43685b69103f9ad13c7009304bb31b31659c1f85738c881fbc0,LatestDirectoryUsed-bbf845ba0553e43685b69103f9ad13c7009304bb31b31659c1f85738c881fbc0,ModelStructureFile-bbf845ba0553e43685b69103f9ad13c7009304bb31b31659c1f85738c881fbc0,ModelActualCompression-bbf845ba0553e43685b69103f9ad13c7009304bb31b31659c1f85738c881fbc0,ModelMacc-bbf845ba0553e43685b69103f9ad13c7009304bb31b31659c1f85738c881fbc0,tfliteruntime,XAaCUBEAaAICcArtificialOoIntelligenceJjCore,ApplicationCcDeviceJjApplication,copyWeightToRam-bbf845ba0553e43685b69103f9ad13c7009304bb31b31659c1f85738c881fbc0,useInputAllocation-bbf845ba0553e43685b69103f9ad13c7009304bb31b31659c1f85738c881fbc0,useOutputAllocation-bbf845ba0553e43685b69103f9ad13c7009304bb31b31659c1f85738c881fbc0,customLayerConfigEnabled-bbf845ba0553e43685b69103f9ad13c7009304bb31b31659c1f85738c881fbc0,noOnnxIoTranspose-bbf845ba0553e43685b69103f9ad13c7009304bb31b31659c1f85738c881fbc0
STMicroelectronics.X-CUBE-AI.9.1.0.InternalRamActivationBufferMaxSize=AI_TFLM_SPEECH_DATA_ACTIVATIONS_SIZE
STMicroelectronics.X-CUBE-AI.9.1.0.LatestDirectoryUsed-bbf845ba0553e43685b69103f9ad13c7009304bb31b31659c1f85738c881fbc0=D\:\\raulc\\Downloads
STMicroelectronics.X-CUBE-AI.9.1.0.MaximumNumberOfInputLayer=1
STMicroelectronics.X-CUBE-AI.9.1.0.MaximumNumberOfOutputLayer=1
STMicroelectronics.X-CUBE-AI.9.1.0.ModelActualCompression-bbf845ba0553e43685b69103f9ad13c7009304bb31b31659c1f85738c881fbc0=0.0
STMicroelectronics.X-CUBE-AI.9.1.0.ModelCompression-bbf845ba0553e43685b69103f9ad13c7009304bb31b31659c1f85738c881fbc0=None
STMicroelectronics.X-CUBE-AI.9.1.0.ModelFlashOccupation-bbf845ba0553e43685b69103f9ad13c7009304bb31b31659c1f85738c881fbc0=68392
STMicroelectronics.X-CUBE-AI.9.1.0.ModelHashList=bbf845ba0553e43685b69103f9ad13c7009304bb31b31659c1f85738c881fbc0
STMicroelectronics.X-CUBE-AI.9.1.0.ModelKind-bbf845ba0553e43685b69103f9ad13c7009304bb31b31659c1f85738c881fbc0=TFLITE
STMicroelectronics.X-CUBE-AI.9.1.0.ModelMacc-bbf845ba0553e43685b69103f9ad13c7009304bb31b31659c1f85738c881fbc0=0
STMicroelectronics.X-CUBE-AI.9.1.0.ModelName-bbf845ba0553e43685b69103f9ad13c7009304bb31b31659c1f85738c881fbc0=tflm_speech
STMicroelectronics.X-CUBE-AI.9.1.0.ModelNameList=tflm_speech
STMicroelectronics.X-CUBE-AI.9.1.0.ModelRamOccupation-bbf845ba0553e43685b69103f9ad13c7009304bb31b31659c1f85738c881fbc0=33792
STMicroelectronics.X-CUBE-AI.9.1.0.ModelStructureFile-bbf845ba0553e43685b69103f9ad13c7009304bb31b31659c1f85738c881fbc0=D\:\\raulc\\Downloads\\speech_float_model.tflite
STMicroelectronics.X-CUBE-AI.9.1.0.ModelType-bbf845ba0553e43685b69103f9ad13c7009304bb31b31659c1f85738c881fbc0=TFLite Micro runtime
STMicroelectronics.X-CUBE-AI.9.1.0.ReadyForCodeGeneration=true
STMicroelectronics.X-CUBE-AI.9.1.0.StackSize=0x4000
STMicroelectronics.X-CUBE-AI.9.1.0.WorkingBufferStartAddrList=0xFFFFFFFF
STMicroelectronics.X-CUBE-AI.9.1.0.XAaCUBEAaAICcArtificialOoIntelligenceJjCore=true
STMicroelectronics.X-CUBE-AI.9.1.0.copyWeightToRam=false
STMicroelectronics.X-CUBE-AI.9.1.0.copyWeightToRam-bbf845ba0553e43685b69103f9ad13c7009304bb31b31659c1f85738c881fbc0=false
STMicroelectronics.X-CUBE-AI.9.1.0.customLayerConfigEnabled=false
STMicroelectronics.X-CUBE-AI.9.1.0.customLayerConfigEnabled-bbf845ba0553e43685b69103f9ad13c7009304bb31b31659c1f85738c881fbc0=false
STMicroelectronics.X-CUBE-AI.9.1.0.noOnnxIoTranspose=false
STMicroelectronics.X-CUBE-AI.9.1.0.noOnnxIoTranspose-bbf845ba0553e43685b69103f9ad13c7009304bb31b31659c1f85738c881fbc0=false
STMicroelectronics.X-CUBE-AI.9.1.0.tfliteruntime=true
STMicroelectronics.X-CUBE-AI.9.1.0.useInputAllocation=true
STMicroelectronics.X-CUBE-AI.9.1.0.useInputAllocation-bbf845ba0553e43685b69103f9ad13c7009304bb31b31659c1f85738c881fbc0=true
STMicroelectronics.X-CUBE-AI.9.1.0.useOutputAllocation=true
STMicroelectronics.X-CUBE-AI.9.1.0.useOutputAllocation-bbf845ba0553e43685b69103f9ad13c7009304bb31b31659c1f85738c881fbc0=true
STMicroelectronics.X-CUBE-AI.9.1.0_SwParameter=ApplicationCcDeviceJjApplication\:ApplicationTemplate;XAaCUBEAaAICcArtificialOoIntelligenceJjCore\:true;
USART1.IPParameters=VirtualMode-Asynchronous
USART1.VirtualMode-Asynchronous=VM_ASYNC
VP_CRC_VS_CRC.Mode=CRC_Activate
VP_CRC_VS_CRC.Signal=CRC_VS_CRC
VP_STMicroelectronics.X-CUBE-AI_VS_ArtificialOoIntelligenceJjXAaCUBEAaAI_9.1.0.Mode=ArtificialOoIntelligenceJjXAaCUBEAaAI
VP_STMicroelectronics.X-CUBE-AI_VS_ArtificialOoIntelligenceJjXAaCUBEAaAI_9.1.0.Signal=STMicroelectronics.X-CUBE-AI_VS_ArtificialOoIntelligenceJjXAaCUBEAaAI_9.1.0
VP_STMicroelectronics.X-CUBE-AI_VS_DeviceJjApplication_9.1.0.Mode=DeviceJjApplication
VP_STMicroelectronics.X-CUBE-AI_VS_DeviceJjApplication_9.1.0.Signal=STMicroelectronics.X-CUBE-AI_VS_DeviceJjApplication_9.1.0
VP_SYS_VS_Systick.Mode=SysTick
VP_SYS_VS_Systick.Signal=SYS_VS_Systick
board=B-L475E-IOT01A1
boardIOC=true
isbadioc=false
